
Microsoft Visual Studio Solution File, Format Version 12.00
# Visual Studio 14
VisualStudioVersion = 14.0.23107.0
MinimumVisualStudioVersion = 10.0.40219.1
Project("{F2A71F9B-5D33-465A-A702-920D77279786}") = "LinqFish.Console", "src\LinqFish.Console\LinqFish.Console.fsproj", "{D25CF330-31E4-40D5-A591-CD0462BCE75A}"
EndProject
Project("{F2A71F9B-5D33-465A-A702-920D77279786}") = "LinqFish", "src\LinqFish\LinqFish.fsproj", "{F1C42BBC-DA02-4080-AF22-E35C9211D18F}"
EndProject
Global
	GlobalSection(SolutionConfigurationPlatforms) = preSolution
		Debug|Any CPU = Debug|Any CPU
		Release|Any CPU = Release|Any CPU
	EndGlobalSection
	GlobalSection(ProjectConfigurationPlatforms) = postSolution
		{D25CF330-31E4-40D5-A591-CD0462BCE75A}.Debug|Any CPU.ActiveCfg = Debug|Any CPU
		{D25CF330-31E4-40D5-A591-CD0462BCE75A}.Debug|Any CPU.Build.0 = Debug|Any CPU
		{D25CF330-31E4-40D5-A591-CD0462BCE75A}.Release|Any CPU.ActiveCfg = Release|Any CPU
		{D25CF330-31E4-40D5-A591-CD0462BCE75A}.Release|Any CPU.Build.0 = Release|Any CPU
		{F1C42BBC-DA02-4080-AF22-E35C9211D18F}.Debug|Any CPU.ActiveCfg = Debug|Any CPU
		{F1C42BBC-DA02-4080-AF22-E35C9211D18F}.Debug|Any CPU.Build.0 = Debug|Any CPU
		{F1C42BBC-DA02-4080-AF22-E35C9211D18F}.Release|Any CPU.ActiveCfg = Release|Any CPU
		{F1C42BBC-DA02-4080-AF22-E35C9211D18F}.Release|Any CPU.Build.0 = Release|Any CPU
	EndGlobalSection
	GlobalSection(SolutionProperties) = preSolution
		HideSolutionNode = FALSE
	EndGlobalSection
EndGlobal
