
Microsoft Visual Studio Solution File, Format Version 12.00
# Visual Studio 14
VisualStudioVersion = 14.0.24720.0
MinimumVisualStudioVersion = 10.0.40219.1
Project("{F2A71F9B-5D33-465A-A702-920D77279786}") = "LinqFish.Console", "src\LinqFish.Console\LinqFish.Console.fsproj", "{D25CF330-31E4-40D5-A591-CD0462BCE75A}"
EndProject
Project("{F2A71F9B-5D33-465A-A702-920D77279786}") = "LinqFish", "src\LinqFish\LinqFish.fsproj", "{F1C42BBC-DA02-4080-AF22-E35C9211D18F}"
EndProject
Project("{FAE04EC0-301F-11D3-BF4B-00C04F79EFBC}") = "LinqFish.Windows", "src\LinqFish.Windows\LinqFish.Windows.csproj", "{BB58CA27-96FB-4431-99AA-58054F3E2E7B}"
EndProject
Project("{F2A71F9B-5D33-465A-A702-920D77279786}") = "LinqFish.Tests", "tests\LinqFish.Tests\LinqFish.Tests.fsproj", "{06700F47-254F-41BA-AD2F-80CF3B979D5F}"
EndProject
Global
	GlobalSection(SolutionConfigurationPlatforms) = preSolution
		Debug|Any CPU = Debug|Any CPU
		Release|Any CPU = Release|Any CPU
	EndGlobalSection
	GlobalSection(ProjectConfigurationPlatforms) = postSolution
		{D25CF330-31E4-40D5-A591-CD0462BCE75A}.Debug|Any CPU.ActiveCfg = Debug|Any CPU
		{D25CF330-31E4-40D5-A591-CD0462BCE75A}.Debug|Any CPU.Build.0 = Debug|Any CPU
		{D25CF330-31E4-40D5-A591-CD0462BCE75A}.Release|Any CPU.ActiveCfg = Release|Any CPU
		{D25CF330-31E4-40D5-A591-CD0462BCE75A}.Release|Any CPU.Build.0 = Release|Any CPU
		{F1C42BBC-DA02-4080-AF22-E35C9211D18F}.Debug|Any CPU.ActiveCfg = Debug|Any CPU
		{F1C42BBC-DA02-4080-AF22-E35C9211D18F}.Debug|Any CPU.Build.0 = Debug|Any CPU
		{F1C42BBC-DA02-4080-AF22-E35C9211D18F}.Release|Any CPU.ActiveCfg = Release|Any CPU
		{F1C42BBC-DA02-4080-AF22-E35C9211D18F}.Release|Any CPU.Build.0 = Release|Any CPU
		{BB58CA27-96FB-4431-99AA-58054F3E2E7B}.Debug|Any CPU.ActiveCfg = Debug|Any CPU
		{BB58CA27-96FB-4431-99AA-58054F3E2E7B}.Debug|Any CPU.Build.0 = Debug|Any CPU
		{BB58CA27-96FB-4431-99AA-58054F3E2E7B}.Release|Any CPU.ActiveCfg = Release|Any CPU
		{BB58CA27-96FB-4431-99AA-58054F3E2E7B}.Release|Any CPU.Build.0 = Release|Any CPU
		{06700F47-254F-41BA-AD2F-80CF3B979D5F}.Debug|Any CPU.ActiveCfg = Debug|Any CPU
		{06700F47-254F-41BA-AD2F-80CF3B979D5F}.Debug|Any CPU.Build.0 = Debug|Any CPU
		{06700F47-254F-41BA-AD2F-80CF3B979D5F}.Release|Any CPU.ActiveCfg = Release|Any CPU
		{06700F47-254F-41BA-AD2F-80CF3B979D5F}.Release|Any CPU.Build.0 = Release|Any CPU
	EndGlobalSection
	GlobalSection(SolutionProperties) = preSolution
		HideSolutionNode = FALSE
	EndGlobalSection
EndGlobal
